// !$*UTF8*$!
{
	archiveVersion = 1;
	classes = {
	};
	objectVersion = 46;
	objects = {

/* Begin PBXBuildFile section */
		8895815D1B2554DD000431F7 /* AppDelegate.swift in Sources */ = {isa = PBXBuildFile; fileRef = 8895815C1B2554DD000431F7 /* AppDelegate.swift */; };
		889581621B2554DD000431F7 /* Main.storyboard in Resources */ = {isa = PBXBuildFile; fileRef = 889581601B2554DD000431F7 /* Main.storyboard */; };
		889581641B2554DD000431F7 /* Images.xcassets in Resources */ = {isa = PBXBuildFile; fileRef = 889581631B2554DD000431F7 /* Images.xcassets */; };
		889581671B2554DD000431F7 /* LaunchScreen.xib in Resources */ = {isa = PBXBuildFile; fileRef = 889581651B2554DD000431F7 /* LaunchScreen.xib */; };
		889581731B2554DD000431F7 /* facebook_photoTests.swift in Sources */ = {isa = PBXBuildFile; fileRef = 889581721B2554DD000431F7 /* facebook_photoTests.swift */; };
		8895817D1B255529000431F7 /* FeedViewController.swift in Sources */ = {isa = PBXBuildFile; fileRef = 8895817C1B255529000431F7 /* FeedViewController.swift */; };
		8895817F1B255535000431F7 /* PhotoViewController.swift in Sources */ = {isa = PBXBuildFile; fileRef = 8895817E1B255535000431F7 /* PhotoViewController.swift */; };
		889581821B255C83000431F7 /* BaseTransition.swift in Sources */ = {isa = PBXBuildFile; fileRef = 889581801B255C83000431F7 /* BaseTransition.swift */; };
		889581831B255C83000431F7 /* FadeTransition.swift in Sources */ = {isa = PBXBuildFile; fileRef = 889581811B255C83000431F7 /* FadeTransition.swift */; };
/* End PBXBuildFile section */

/* Begin PBXContainerItemProxy section */
		8895816D1B2554DD000431F7 /* PBXContainerItemProxy */ = {
			isa = PBXContainerItemProxy;
			containerPortal = 8895814F1B2554DD000431F7 /* Project object */;
			proxyType = 1;
			remoteGlobalIDString = 889581561B2554DD000431F7;
			remoteInfo = "facebook-photo";
		};
/* End PBXContainerItemProxy section */

/* Begin PBXFileReference section */
		889581571B2554DD000431F7 /* facebook-photo.app */ = {isa = PBXFileReference; explicitFileType = wrapper.application; includeInIndex = 0; path = "facebook-photo.app"; sourceTree = BUILT_PRODUCTS_DIR; };
		8895815B1B2554DD000431F7 /* Info.plist */ = {isa = PBXFileReference; lastKnownFileType = text.plist.xml; path = Info.plist; sourceTree = "<group>"; };
		8895815C1B2554DD000431F7 /* AppDelegate.swift */ = {isa = PBXFileReference; lastKnownFileType = sourcecode.swift; path = AppDelegate.swift; sourceTree = "<group>"; };
		889581611B2554DD000431F7 /* Base */ = {isa = PBXFileReference; lastKnownFileType = file.storyboard; name = Base; path = Base.lproj/Main.storyboard; sourceTree = "<group>"; };
		889581631B2554DD000431F7 /* Images.xcassets */ = {isa = PBXFileReference; lastKnownFileType = folder.assetcatalog; path = Images.xcassets; sourceTree = "<group>"; };
		889581661B2554DD000431F7 /* Base */ = {isa = PBXFileReference; lastKnownFileType = file.xib; name = Base; path = Base.lproj/LaunchScreen.xib; sourceTree = "<group>"; };
		8895816C1B2554DD000431F7 /* facebook-photoTests.xctest */ = {isa = PBXFileReference; explicitFileType = wrapper.cfbundle; includeInIndex = 0; path = "facebook-photoTests.xctest"; sourceTree = BUILT_PRODUCTS_DIR; };
		889581711B2554DD000431F7 /* Info.plist */ = {isa = PBXFileReference; lastKnownFileType = text.plist.xml; path = Info.plist; sourceTree = "<group>"; };
		889581721B2554DD000431F7 /* facebook_photoTests.swift */ = {isa = PBXFileReference; lastKnownFileType = sourcecode.swift; path = facebook_photoTests.swift; sourceTree = "<group>"; };
		8895817C1B255529000431F7 /* FeedViewController.swift */ = {isa = PBXFileReference; fileEncoding = 4; lastKnownFileType = sourcecode.swift; path = FeedViewController.swift; sourceTree = "<group>"; };
		8895817E1B255535000431F7 /* PhotoViewController.swift */ = {isa = PBXFileReference; fileEncoding = 4; lastKnownFileType = sourcecode.swift; path = PhotoViewController.swift; sourceTree = "<group>"; };
		889581801B255C83000431F7 /* BaseTransition.swift */ = {isa = PBXFileReference; fileEncoding = 4; lastKnownFileType = sourcecode.swift; name = BaseTransition.swift; path = ../../TransitionDemo/TransitionDemo/BaseTransition.swift; sourceTree = "<group>"; };
		889581811B255C83000431F7 /* FadeTransition.swift */ = {isa = PBXFileReference; fileEncoding = 4; lastKnownFileType = sourcecode.swift; name = FadeTransition.swift; path = ../../TransitionDemo/TransitionDemo/FadeTransition.swift; sourceTree = "<group>"; };
/* End PBXFileReference section */

/* Begin PBXFrameworksBuildPhase section */
		889581541B2554DD000431F7 /* Frameworks */ = {
			isa = PBXFrameworksBuildPhase;
			buildActionMask = 2147483647;
			files = (
			);
			runOnlyForDeploymentPostprocessing = 0;
		};
		889581691B2554DD000431F7 /* Frameworks */ = {
			isa = PBXFrameworksBuildPhase;
			buildActionMask = 2147483647;
			files = (
			);
			runOnlyForDeploymentPostprocessing = 0;
		};
/* End PBXFrameworksBuildPhase section */

/* Begin PBXGroup section */
		8895814E1B2554DD000431F7 = {
			isa = PBXGroup;
			children = (
				889581591B2554DD000431F7 /* facebook-photo */,
				8895816F1B2554DD000431F7 /* facebook-photoTests */,
				889581581B2554DD000431F7 /* Products */,
			);
			sourceTree = "<group>";
		};
		889581581B2554DD000431F7 /* Products */ = {
			isa = PBXGroup;
			children = (
				889581571B2554DD000431F7 /* facebook-photo.app */,
				8895816C1B2554DD000431F7 /* facebook-photoTests.xctest */,
			);
			name = Products;
			sourceTree = "<group>";
		};
		889581591B2554DD000431F7 /* facebook-photo */ = {
			isa = PBXGroup;
			children = (
				889581841B255C8B000431F7 /* Transitions */,
				8895815C1B2554DD000431F7 /* AppDelegate.swift */,
				889581601B2554DD000431F7 /* Main.storyboard */,
				889581631B2554DD000431F7 /* Images.xcassets */,
				889581651B2554DD000431F7 /* LaunchScreen.xib */,
				8895815A1B2554DD000431F7 /* Supporting Files */,
				8895817C1B255529000431F7 /* FeedViewController.swift */,
				8895817E1B255535000431F7 /* PhotoViewController.swift */,
			);
			path = "facebook-photo";
			sourceTree = "<group>";
		};
		8895815A1B2554DD000431F7 /* Supporting Files */ = {
			isa = PBXGroup;
			children = (
				8895815B1B2554DD000431F7 /* Info.plist */,
			);
			name = "Supporting Files";
			sourceTree = "<group>";
		};
		8895816F1B2554DD000431F7 /* facebook-photoTests */ = {
			isa = PBXGroup;
			children = (
				889581721B2554DD000431F7 /* facebook_photoTests.swift */,
				889581701B2554DD000431F7 /* Supporting Files */,
			);
			path = "facebook-photoTests";
			sourceTree = "<group>";
		};
		889581701B2554DD000431F7 /* Supporting Files */ = {
			isa = PBXGroup;
			children = (
				889581711B2554DD000431F7 /* Info.plist */,
			);
			name = "Supporting Files";
			sourceTree = "<group>";
		};
		889581841B255C8B000431F7 /* Transitions */ = {
			isa = PBXGroup;
			children = (
				889581801B255C83000431F7 /* BaseTransition.swift */,
				889581811B255C83000431F7 /* FadeTransition.swift */,
			);
			name = Transitions;
			sourceTree = "<group>";
		};
/* End PBXGroup section */

/* Begin PBXNativeTarget section */
		889581561B2554DD000431F7 /* facebook-photo */ = {
			isa = PBXNativeTarget;
			buildConfigurationList = 889581761B2554DD000431F7 /* Build configuration list for PBXNativeTarget "facebook-photo" */;
			buildPhases = (
				889581531B2554DD000431F7 /* Sources */,
				889581541B2554DD000431F7 /* Frameworks */,
				889581551B2554DD000431F7 /* Resources */,
			);
			buildRules = (
			);
			dependencies = (
			);
			name = "facebook-photo";
			productName = "facebook-photo";
			productReference = 889581571B2554DD000431F7 /* facebook-photo.app */;
			productType = "com.apple.product-type.application";
		};
		8895816B1B2554DD000431F7 /* facebook-photoTests */ = {
			isa = PBXNativeTarget;
			buildConfigurationList = 889581791B2554DD000431F7 /* Build configuration list for PBXNativeTarget "facebook-photoTests" */;
			buildPhases = (
				889581681B2554DD000431F7 /* Sources */,
				889581691B2554DD000431F7 /* Frameworks */,
				8895816A1B2554DD000431F7 /* Resources */,
			);
			buildRules = (
			);
			dependencies = (
				8895816E1B2554DD000431F7 /* PBXTargetDependency */,
			);
			name = "facebook-photoTests";
			productName = "facebook-photoTests";
			productReference = 8895816C1B2554DD000431F7 /* facebook-photoTests.xctest */;
			productType = "com.apple.product-type.bundle.unit-test";
		};
/* End PBXNativeTarget section */

/* Begin PBXProject section */
		8895814F1B2554DD000431F7 /* Project object */ = {
			isa = PBXProject;
			attributes = {
				LastUpgradeCheck = 0630;
				ORGANIZATIONNAME = "Cece Yu";
				TargetAttributes = {
					889581561B2554DD000431F7 = {
						CreatedOnToolsVersion = 6.3;
					};
					8895816B1B2554DD000431F7 = {
						CreatedOnToolsVersion = 6.3;
						TestTargetID = 889581561B2554DD000431F7;
					};
				};
			};
			buildConfigurationList = 889581521B2554DD000431F7 /* Build configuration list for PBXProject "facebook-photo" */;
			compatibilityVersion = "Xcode 3.2";
			developmentRegion = English;
			hasScannedForEncodings = 0;
			knownRegions = (
				en,
				Base,
			);
			mainGroup = 8895814E1B2554DD000431F7;
			productRefGroup = 889581581B2554DD000431F7 /* Products */;
			projectDirPath = "";
			projectRoot = "";
			targets = (
				889581561B2554DD000431F7 /* facebook-photo */,
				8895816B1B2554DD000431F7 /* facebook-photoTests */,
			);
		};
/* End PBXProject section */

/* Begin PBXResourcesBuildPhase section */
		889581551B2554DD000431F7 /* Resources */ = {
			isa = PBXResourcesBuildPhase;
			buildActionMask = 2147483647;
			files = (
				889581621B2554DD000431F7 /* Main.storyboard in Resources */,
				889581671B2554DD000431F7 /* LaunchScreen.xib in Resources */,
				889581641B2554DD000431F7 /* Images.xcassets in Resources */,
			);
			runOnlyForDeploymentPostprocessing = 0;
		};
		8895816A1B2554DD000431F7 /* Resources */ = {
			isa = PBXResourcesBuildPhase;
			buildActionMask = 2147483647;
			files = (
			);
			runOnlyForDeploymentPostprocessing = 0;
		};
/* End PBXResourcesBuildPhase section */

/* Begin PBXSourcesBuildPhase section */
		889581531B2554DD000431F7 /* Sources */ = {
			isa = PBXSourcesBuildPhase;
			buildActionMask = 2147483647;
			files = (
				8895817D1B255529000431F7 /* FeedViewController.swift in Sources */,
				889581831B255C83000431F7 /* FadeTransition.swift in Sources */,
				889581821B255C83000431F7 /* BaseTransition.swift in Sources */,
				8895815D1B2554DD000431F7 /* AppDelegate.swift in Sources */,
				8895817F1B255535000431F7 /* PhotoViewController.swift in Sources */,
			);
			runOnlyForDeploymentPostprocessing = 0;
		};
		889581681B2554DD000431F7 /* Sources */ = {
			isa = PBXSourcesBuildPhase;
			buildActionMask = 2147483647;
			files = (
				889581731B2554DD000431F7 /* facebook_photoTests.swift in Sources */,
			);
			runOnlyForDeploymentPostprocessing = 0;
		};
/* End PBXSourcesBuildPhase section */

/* Begin PBXTargetDependency section */
		8895816E1B2554DD000431F7 /* PBXTargetDependency */ = {
			isa = PBXTargetDependency;
			target = 889581561B2554DD000431F7 /* facebook-photo */;
			targetProxy = 8895816D1B2554DD000431F7 /* PBXContainerItemProxy */;
		};
/* End PBXTargetDependency section */

/* Begin PBXVariantGroup section */
		889581601B2554DD000431F7 /* Main.storyboard */ = {
			isa = PBXVariantGroup;
			children = (
				889581611B2554DD000431F7 /* Base */,
			);
			name = Main.storyboard;
			sourceTree = "<group>";
		};
		889581651B2554DD000431F7 /* LaunchScreen.xib */ = {
			isa = PBXVariantGroup;
			children = (
				889581661B2554DD000431F7 /* Base */,
			);
			name = LaunchScreen.xib;
			sourceTree = "<group>";
		};
/* End PBXVariantGroup section */

/* Begin XCBuildConfiguration section */
		889581741B2554DD000431F7 /* Debug */ = {
			isa = XCBuildConfiguration;
			buildSettings = {
				ALWAYS_SEARCH_USER_PATHS = NO;
				CLANG_CXX_LANGUAGE_STANDARD = "gnu++0x";
				CLANG_CXX_LIBRARY = "libc++";
				CLANG_ENABLE_MODULES = YES;
				CLANG_ENABLE_OBJC_ARC = YES;
				CLANG_WARN_BOOL_CONVERSION = YES;
				CLANG_WARN_CONSTANT_CONVERSION = YES;
				CLANG_WARN_DIRECT_OBJC_ISA_USAGE = YES_ERROR;
				CLANG_WARN_EMPTY_BODY = YES;
				CLANG_WARN_ENUM_CONVERSION = YES;
				CLANG_WARN_INT_CONVERSION = YES;
				CLANG_WARN_OBJC_ROOT_CLASS = YES_ERROR;
				CLANG_WARN_UNREACHABLE_CODE = YES;
				CLANG_WARN__DUPLICATE_METHOD_MATCH = YES;
				"CODE_SIGN_IDENTITY[sdk=iphoneos*]" = "iPhone Developer";
				COPY_PHASE_STRIP = NO;
				DEBUG_INFORMATION_FORMAT = "dwarf-with-dsym";
				ENABLE_STRICT_OBJC_MSGSEND = YES;
				GCC_C_LANGUAGE_STANDARD = gnu99;
				GCC_DYNAMIC_NO_PIC = NO;
				GCC_NO_COMMON_BLOCKS = YES;
				GCC_OPTIMIZATION_LEVEL = 0;
				GCC_PREPROCESSOR_DEFINITIONS = (
					"DEBUG=1",
					"$(inherited)",
				);
				GCC_SYMBOLS_PRIVATE_EXTERN = NO;
				GCC_WARN_64_TO_32_BIT_CONVERSION = YES;
				GCC_WARN_ABOUT_RETURN_TYPE = YES_ERROR;
				GCC_WARN_UNDECLARED_SELECTOR = YES;
				GCC_WARN_UNINITIALIZED_AUTOS = YES_AGGRESSIVE;
				GCC_WARN_UNUSED_FUNCTION = YES;
				GCC_WARN_UNUSED_VARIABLE = YES;
				IPHONEOS_DEPLOYMENT_TARGET = 8.3;
				MTL_ENABLE_DEBUG_INFO = YES;
				ONLY_ACTIVE_ARCH = YES;
				SDKROOT = iphoneos;
				SWIFT_OPTIMIZATION_LEVEL = "-Onone";
			};
			name = Debug;
		};
		889581751B2554DD000431F7 /* Release */ = {
			isa = XCBuildConfiguration;
			buildSettings = {
				ALWAYS_SEARCH_USER_PATHS = NO;
				CLANG_CXX_LANGUAGE_STANDARD = "gnu++0x";
				CLANG_CXX_LIBRARY = "libc++";
				CLANG_ENABLE_MODULES = YES;
				CLANG_ENABLE_OBJC_ARC = YES;
				CLANG_WARN_BOOL_CONVERSION = YES;
				CLANG_WARN_CONSTANT_CONVERSION = YES;
				CLANG_WARN_DIRECT_OBJC_ISA_USAGE = YES_ERROR;
				CLANG_WARN_EMPTY_BODY = YES;
				CLANG_WARN_ENUM_CONVERSION = YES;
				CLANG_WARN_INT_CONVERSION = YES;
				CLANG_WARN_OBJC_ROOT_CLASS = YES_ERROR;
				CLANG_WARN_UNREACHABLE_CODE = YES;
				CLANG_WARN__DUPLICATE_METHOD_MATCH = YES;
				"CODE_SIGN_IDENTITY[sdk=iphoneos*]" = "iPhone Developer";
				COPY_PHASE_STRIP = NO;
				DEBUG_INFORMATION_FORMAT = "dwarf-with-dsym";
				ENABLE_NS_ASSERTIONS = NO;
				ENABLE_STRICT_OBJC_MSGSEND = YES;
				GCC_C_LANGUAGE_STANDARD = gnu99;
				GCC_NO_COMMON_BLOCKS = YES;
				GCC_WARN_64_TO_32_BIT_CONVERSION = YES;
				GCC_WARN_ABOUT_RETURN_TYPE = YES_ERROR;
				GCC_WARN_UNDECLARED_SELECTOR = YES;
				GCC_WARN_UNINITIALIZED_AUTOS = YES_AGGRESSIVE;
				GCC_WARN_UNUSED_FUNCTION = YES;
				GCC_WARN_UNUSED_VARIABLE = YES;
				IPHONEOS_DEPLOYMENT_TARGET = 8.3;
				MTL_ENABLE_DEBUG_INFO = NO;
				SDKROOT = iphoneos;
				VALIDATE_PRODUCT = YES;
			};
			name = Release;
		};
		889581771B2554DD000431F7 /* Debug */ = {
			isa = XCBuildConfiguration;
			buildSettings = {
				ASSETCATALOG_COMPILER_APPICON_NAME = AppIcon;
				INFOPLIST_FILE = "facebook-photo/Info.plist";
				LD_RUNPATH_SEARCH_PATHS = "$(inherited) @executable_path/Frameworks";
				PRODUCT_NAME = "$(TARGET_NAME)";
			};
			name = Debug;
		};
		889581781B2554DD000431F7 /* Release */ = {
			isa = XCBuildConfiguration;
			buildSettings = {
				ASSETCATALOG_COMPILER_APPICON_NAME = AppIcon;
				INFOPLIST_FILE = "facebook-photo/Info.plist";
				LD_RUNPATH_SEARCH_PATHS = "$(inherited) @executable_path/Frameworks";
				PRODUCT_NAME = "$(TARGET_NAME)";
			};
			name = Release;
		};
		8895817A1B2554DD000431F7 /* Debug */ = {
			isa = XCBuildConfiguration;
			buildSettings = {
				BUNDLE_LOADER = "$(TEST_HOST)";
				FRAMEWORK_SEARCH_PATHS = (
					"$(SDKROOT)/Developer/Library/Frameworks",
					"$(inherited)",
				);
				GCC_PREPROCESSOR_DEFINITIONS = (
					"DEBUG=1",
					"$(inherited)",
				);
				INFOPLIST_FILE = "facebook-photoTests/Info.plist";
				LD_RUNPATH_SEARCH_PATHS = "$(inherited) @executable_path/Frameworks @loader_path/Frameworks";
				PRODUCT_NAME = "$(TARGET_NAME)";
				TEST_HOST = "$(BUILT_PRODUCTS_DIR)/facebook-photo.app/facebook-photo";
			};
			name = Debug;
		};
		8895817B1B2554DD000431F7 /* Release */ = {
			isa = XCBuildConfiguration;
			buildSettings = {
				BUNDLE_LOADER = "$(TEST_HOST)";
				FRAMEWORK_SEARCH_PATHS = (
					"$(SDKROOT)/Developer/Library/Frameworks",
					"$(inherited)",
				);
				INFOPLIST_FILE = "facebook-photoTests/Info.plist";
				LD_RUNPATH_SEARCH_PATHS = "$(inherited) @executable_path/Frameworks @loader_path/Frameworks";
				PRODUCT_NAME = "$(TARGET_NAME)";
				TEST_HOST = "$(BUILT_PRODUCTS_DIR)/facebook-photo.app/facebook-photo";
			};
			name = Release;
		};
/* End XCBuildConfiguration section */

/* Begin XCConfigurationList section */
		889581521B2554DD000431F7 /* Build configuration list for PBXProject "facebook-photo" */ = {
			isa = XCConfigurationList;
			buildConfigurations = (
				889581741B2554DD000431F7 /* Debug */,
				889581751B2554DD000431F7 /* Release */,
			);
			defaultConfigurationIsVisible = 0;
			defaultConfigurationName = Release;
		};
		889581761B2554DD000431F7 /* Build configuration list for PBXNativeTarget "facebook-photo" */ = {
			isa = XCConfigurationList;
			buildConfigurations = (
				889581771B2554DD000431F7 /* Debug */,
				889581781B2554DD000431F7 /* Release */,
			);
			defaultConfigurationIsVisible = 0;
		};
		889581791B2554DD000431F7 /* Build configuration list for PBXNativeTarget "facebook-photoTests" */ = {
			isa = XCConfigurationList;
			buildConfigurations = (
				8895817A1B2554DD000431F7 /* Debug */,
				8895817B1B2554DD000431F7 /* Release */,
			);
			defaultConfigurationIsVisible = 0;
		};
/* End XCConfigurationList section */
	};
	rootObject = 8895814F1B2554DD000431F7 /* Project object */;
}
